
Microsoft Visual Studio Solution File, Format Version 12.00
# Visual Studio 15
VisualStudioVersion = 15.0.27130.2024
MinimumVisualStudioVersion = 15.0.26124.0
Project("{9A19103F-16F7-4668-BE54-9A1E7A4F7556}") = "Songhay.Feeds", "Songhay.Feeds\Songhay.Feeds.csproj", "{21BC87DD-303A-4E80-9218-F8FB75D1DE0F}"
EndProject
Project("{9A19103F-16F7-4668-BE54-9A1E7A4F7556}") = "Songhay.Feeds.Tests", "Songhay.Feeds.Tests\Songhay.Feeds.Tests.csproj", "{E8120AAD-8219-46C3-B180-F1CADBA21DB4}"
EndProject
Project("{FAE04EC0-301F-11D3-BF4B-00C04F79EFBC}") = "Songhay.Syndication", "Songhay.Syndication\Songhay.Syndication.csproj", "{D11894DA-F8CC-44BE-9B9F-098922E4E749}"
EndProject
Global
	GlobalSection(SolutionConfigurationPlatforms) = preSolution
		Debug|Any CPU = Debug|Any CPU
		Debug|x64 = Debug|x64
		Debug|x86 = Debug|x86
		Release|Any CPU = Release|Any CPU
		Release|x64 = Release|x64
		Release|x86 = Release|x86
	EndGlobalSection
	GlobalSection(ProjectConfigurationPlatforms) = postSolution
		{21BC87DD-303A-4E80-9218-F8FB75D1DE0F}.Debug|Any CPU.ActiveCfg = Debug|Any CPU
		{21BC87DD-303A-4E80-9218-F8FB75D1DE0F}.Debug|Any CPU.Build.0 = Debug|Any CPU
		{21BC87DD-303A-4E80-9218-F8FB75D1DE0F}.Debug|x64.ActiveCfg = Debug|Any CPU
		{21BC87DD-303A-4E80-9218-F8FB75D1DE0F}.Debug|x64.Build.0 = Debug|Any CPU
		{21BC87DD-303A-4E80-9218-F8FB75D1DE0F}.Debug|x86.ActiveCfg = Debug|Any CPU
		{21BC87DD-303A-4E80-9218-F8FB75D1DE0F}.Debug|x86.Build.0 = Debug|Any CPU
		{21BC87DD-303A-4E80-9218-F8FB75D1DE0F}.Release|Any CPU.ActiveCfg = Release|Any CPU
		{21BC87DD-303A-4E80-9218-F8FB75D1DE0F}.Release|Any CPU.Build.0 = Release|Any CPU
		{21BC87DD-303A-4E80-9218-F8FB75D1DE0F}.Release|x64.ActiveCfg = Release|Any CPU
		{21BC87DD-303A-4E80-9218-F8FB75D1DE0F}.Release|x64.Build.0 = Release|Any CPU
		{21BC87DD-303A-4E80-9218-F8FB75D1DE0F}.Release|x86.ActiveCfg = Release|Any CPU
		{21BC87DD-303A-4E80-9218-F8FB75D1DE0F}.Release|x86.Build.0 = Release|Any CPU
		{E8120AAD-8219-46C3-B180-F1CADBA21DB4}.Debug|Any CPU.ActiveCfg = Debug|Any CPU
		{E8120AAD-8219-46C3-B180-F1CADBA21DB4}.Debug|Any CPU.Build.0 = Debug|Any CPU
		{E8120AAD-8219-46C3-B180-F1CADBA21DB4}.Debug|x64.ActiveCfg = Debug|Any CPU
		{E8120AAD-8219-46C3-B180-F1CADBA21DB4}.Debug|x64.Build.0 = Debug|Any CPU
		{E8120AAD-8219-46C3-B180-F1CADBA21DB4}.Debug|x86.ActiveCfg = Debug|Any CPU
		{E8120AAD-8219-46C3-B180-F1CADBA21DB4}.Debug|x86.Build.0 = Debug|Any CPU
		{E8120AAD-8219-46C3-B180-F1CADBA21DB4}.Release|Any CPU.ActiveCfg = Release|Any CPU
		{E8120AAD-8219-46C3-B180-F1CADBA21DB4}.Release|Any CPU.Build.0 = Release|Any CPU
		{E8120AAD-8219-46C3-B180-F1CADBA21DB4}.Release|x64.ActiveCfg = Release|Any CPU
		{E8120AAD-8219-46C3-B180-F1CADBA21DB4}.Release|x64.Build.0 = Release|Any CPU
		{E8120AAD-8219-46C3-B180-F1CADBA21DB4}.Release|x86.ActiveCfg = Release|Any CPU
		{E8120AAD-8219-46C3-B180-F1CADBA21DB4}.Release|x86.Build.0 = Release|Any CPU
		{D11894DA-F8CC-44BE-9B9F-098922E4E749}.Debug|Any CPU.ActiveCfg = Debug|Any CPU
		{D11894DA-F8CC-44BE-9B9F-098922E4E749}.Debug|Any CPU.Build.0 = Debug|Any CPU
		{D11894DA-F8CC-44BE-9B9F-098922E4E749}.Debug|x64.ActiveCfg = Debug|Any CPU
		{D11894DA-F8CC-44BE-9B9F-098922E4E749}.Debug|x64.Build.0 = Debug|Any CPU
		{D11894DA-F8CC-44BE-9B9F-098922E4E749}.Debug|x86.ActiveCfg = Debug|Any CPU
		{D11894DA-F8CC-44BE-9B9F-098922E4E749}.Debug|x86.Build.0 = Debug|Any CPU
		{D11894DA-F8CC-44BE-9B9F-098922E4E749}.Release|Any CPU.ActiveCfg = Release|Any CPU
		{D11894DA-F8CC-44BE-9B9F-098922E4E749}.Release|Any CPU.Build.0 = Release|Any CPU
		{D11894DA-F8CC-44BE-9B9F-098922E4E749}.Release|x64.ActiveCfg = Release|Any CPU
		{D11894DA-F8CC-44BE-9B9F-098922E4E749}.Release|x64.Build.0 = Release|Any CPU
		{D11894DA-F8CC-44BE-9B9F-098922E4E749}.Release|x86.ActiveCfg = Release|Any CPU
		{D11894DA-F8CC-44BE-9B9F-098922E4E749}.Release|x86.Build.0 = Release|Any CPU
	EndGlobalSection
	GlobalSection(SolutionProperties) = preSolution
		HideSolutionNode = FALSE
	EndGlobalSection
	GlobalSection(ExtensibilityGlobals) = postSolution
		SolutionGuid = {9EE21750-F4B8-4F6E-B8BC-5A25F5433EA1}
	EndGlobalSection
EndGlobal
